
Microsoft Visual Studio Solution File, Format Version 12.00
# Visual Studio Version 17
VisualStudioVersion = 17.5.002.0
MinimumVisualStudioVersion = 10.0.40219.1
Project("{FAE04EC0-301F-11D3-BF4B-00C04F79EFBC}") = "LegacyGL", "LegacyGL\LegacyGL.csproj", "{C9C390FA-5334-409A-95DD-82958A80C384}"
EndProject
Project("{FAE04EC0-301F-11D3-BF4B-00C04F79EFBC}") = "ExampleGame", "ExampleGame\ExampleGame.csproj", "{A2F8BADD-83D1-425D-B0C0-DD5D2C807C51}"
EndProject
Global
	GlobalSection(SolutionConfigurationPlatforms) = preSolution
		Debug|Any CPU = Debug|Any CPU
		Release|Any CPU = Release|Any CPU
	EndGlobalSection
	GlobalSection(ProjectConfigurationPlatforms) = postSolution
		{C9C390FA-5334-409A-95DD-82958A80C384}.Debug|Any CPU.ActiveCfg = Debug|Any CPU
		{C9C390FA-5334-409A-95DD-82958A80C384}.Debug|Any CPU.Build.0 = Debug|Any CPU
		{C9C390FA-5334-409A-95DD-82958A80C384}.Release|Any CPU.ActiveCfg = Release|Any CPU
		{C9C390FA-5334-409A-95DD-82958A80C384}.Release|Any CPU.Build.0 = Release|Any CPU
		{A2F8BADD-83D1-425D-B0C0-DD5D2C807C51}.Debug|Any CPU.ActiveCfg = Debug|Any CPU
		{A2F8BADD-83D1-425D-B0C0-DD5D2C807C51}.Debug|Any CPU.Build.0 = Debug|Any CPU
		{A2F8BADD-83D1-425D-B0C0-DD5D2C807C51}.Release|Any CPU.ActiveCfg = Release|Any CPU
		{A2F8BADD-83D1-425D-B0C0-DD5D2C807C51}.Release|Any CPU.Build.0 = Release|Any CPU
	EndGlobalSection
	GlobalSection(SolutionProperties) = preSolution
		HideSolutionNode = FALSE
	EndGlobalSection
	GlobalSection(ExtensibilityGlobals) = postSolution
		SolutionGuid = {AA592B41-05D8-4BBC-9CA3-E7792277CB7E}
	EndGlobalSection
EndGlobal
